
Microsoft Visual Studio Solution File, Format Version 12.00
# Visual Studio Version 17
VisualStudioVersion = 17.7.34202.233
MinimumVisualStudioVersion = 10.0.40219.1
Project("{8BC9CEB8-8B4A-11D0-8D11-00A0C91BC942}") = "SC4DisableCheats", "SC4DisableCheats.vcxproj", "{8C695C09-75D2-46FB-9F47-6C64097D01C5}"
EndProject
Global
	GlobalSection(SolutionConfigurationPlatforms) = preSolution
		Debug|x86 = Debug|x86
		Release|x86 = Release|x86
	EndGlobalSection
	GlobalSection(ProjectConfigurationPlatforms) = postSolution
		{8C695C09-75D2-46FB-9F47-6C64097D01C5}.Debug|x86.ActiveCfg = Debug|Win32
		{8C695C09-75D2-46FB-9F47-6C64097D01C5}.Debug|x86.Build.0 = Debug|Win32
		{8C695C09-75D2-46FB-9F47-6C64097D01C5}.Release|x86.ActiveCfg = Release|Win32
		{8C695C09-75D2-46FB-9F47-6C64097D01C5}.Release|x86.Build.0 = Release|Win32
	EndGlobalSection
	GlobalSection(SolutionProperties) = preSolution
		HideSolutionNode = FALSE
	EndGlobalSection
	GlobalSection(ExtensibilityGlobals) = postSolution
		SolutionGuid = {0C5017DC-AF9B-4412-9C6F-9A5F19D7F8AF}
	EndGlobalSection
EndGlobal
